<?xml version="1.0" encoding="utf-8"?>
<Project ToolsVersion="4.0" xmlns="http://schemas.microsoft.com/developer/msbuild/2003">
  <ItemGroup>
    <Filter Include="win32">
      <UniqueIdentifier>{84a8ebd7-7cf0-47f6-b75e-d441df67da40}</UniqueIdentifier>
    </Filter>
    <Filter Include="resource">
      <UniqueIdentifier>{715254bc-d70b-4ec5-bf29-467dd3ace079}</UniqueIdentifier>
    </Filter>
    <Filter Include="src">
      <UniqueIdentifier>{bb6c862e-70e9-49d9-81b7-3829a6f50471}</UniqueIdentifier>
    </Filter>
    <Filter Include="src\Unit">
      <UniqueIdentifier>{c6407b75-e72c-49c2-b823-4df11743fe70}</UniqueIdentifier>
    </Filter>
    <Filter Include="src\Unit\Player">
      <UniqueIdentifier>{cb146470-6f9b-40a9-ba8a-f46683f56a9a}</UniqueIdentifier>
    </Filter>
    <Filter Include="src\Layers">
      <UniqueIdentifier>{67af41d4-416a-49f8-88dd-513ea3a473c2}</UniqueIdentifier>
    </Filter>
    <Filter Include="src\Layers\PlayerUILayer">
      <UniqueIdentifier>{58eaffe8-6f87-46ce-a4e7-0ef7f09982c8}</UniqueIdentifier>
    </Filter>
    <Filter Include="src\Layers\MapLayer">
      <UniqueIdentifier>{a4284c45-802c-45db-b894-c64c6d0be0c1}</UniqueIdentifier>
    </Filter>
    <Filter Include="src\Layers\LoadingUILayer">
      <UniqueIdentifier>{bed9db6f-0eab-431e-bc57-6058ec44773d}</UniqueIdentifier>
    </Filter>
    <Filter Include="src\Layers\EnterGameLayer">
      <UniqueIdentifier>{bcc105e4-4f1a-4dd8-9233-07a056187555}</UniqueIdentifier>
    </Filter>
    <Filter Include="src\Layers\TypingLayer">
      <UniqueIdentifier>{2ad1621d-133d-42ba-94bd-96f8427f7bba}</UniqueIdentifier>
    </Filter>
    <Filter Include="src\Actions">
      <UniqueIdentifier>{499dfd56-1c89-40a5-aaf6-b18a3a18b870}</UniqueIdentifier>
    </Filter>
    <Filter Include="src\sql">
      <UniqueIdentifier>{dc831669-96b0-4d0f-bfec-e29806f12649}</UniqueIdentifier>
    </Filter>
    <Filter Include="src\sql\Result">
      <UniqueIdentifier>{81993757-8ca6-43e4-9310-ffc11d087acf}</UniqueIdentifier>
    </Filter>
    <Filter Include="src\MovementMgr">
      <UniqueIdentifier>{4ceebdc5-8d5b-4c28-a807-099af7d201c7}</UniqueIdentifier>
    </Filter>
    <Filter Include="src\NotifyMgr">
      <UniqueIdentifier>{25fae8ea-adf0-4378-ae47-353e342f9994}</UniqueIdentifier>
    </Filter>
    <Filter Include="src\Layers\ChoseCharacterLayer">
      <UniqueIdentifier>{1c721a64-3823-4c2c-9fe3-ff02e811b831}</UniqueIdentifier>
    </Filter>
    <Filter Include="src\Layers\CreateCharacterLayer">
      <UniqueIdentifier>{74412e00-d33d-49e8-b022-aa52ed1a430d}</UniqueIdentifier>
    </Filter>
    <Filter Include="src\Sripts">
      <UniqueIdentifier>{52e72415-7760-4237-af2c-d53c500794dd}</UniqueIdentifier>
    </Filter>
    <Filter Include="src\Unit\Creature">
      <UniqueIdentifier>{a2f09bae-26b5-4cf7-9b8a-35c37a520159}</UniqueIdentifier>
    </Filter>
    <Filter Include="src\Unit\Creature\Monster">
      <UniqueIdentifier>{43834fde-0efd-4dd3-8102-ca64d1b3a351}</UniqueIdentifier>
    </Filter>
    <Filter Include="src\Unit\Creature\Npc">
      <UniqueIdentifier>{ddf67ee1-ec1f-4ade-9ad4-c225f69e9d76}</UniqueIdentifier>
    </Filter>
    <Filter Include="src\Sripts\SingleScript">
      <UniqueIdentifier>{c6515967-168f-4ebd-8631-60d5381cd7af}</UniqueIdentifier>
    </Filter>
    <Filter Include="src\Item">
      <UniqueIdentifier>{c232edc6-b9d8-47b3-885c-ee01808208f6}</UniqueIdentifier>
    </Filter>
    <Filter Include="src\Layers\PlayerUILayer\SpellBook">
      <UniqueIdentifier>{ae40ec5d-2fa9-4338-a883-cdb64f3b177b}</UniqueIdentifier>
    </Filter>
    <Filter Include="src\Spell">
      <UniqueIdentifier>{74b2f7a3-9fe5-4faa-b70d-a19bda158110}</UniqueIdentifier>
    </Filter>
    <Filter Include="src\Layers\PlayerUILayer\PlayerEquip">
      <UniqueIdentifier>{dda2382d-2a4b-4948-84c2-a8433269070b}</UniqueIdentifier>
    </Filter>
    <Filter Include="src\Layers\PlayerUILayer\SettingSprite">
      <UniqueIdentifier>{79535210-e47d-4d42-9270-4fd2d714891d}</UniqueIdentifier>
    </Filter>
    <Filter Include="src\Layers\PlayerUILayer\PlayerTalkLayer">
      <UniqueIdentifier>{d7b6b49a-9f82-4e2d-9c89-cad2603230a4}</UniqueIdentifier>
    </Filter>
    <Filter Include="src\Layers\PlayerUILayer\QuestBook">
      <UniqueIdentifier>{bc4162dc-10b2-4dfe-bf82-9187bb08fc21}</UniqueIdentifier>
    </Filter>
    <Filter Include="src\Quest">
      <UniqueIdentifier>{39a96484-8d8a-4bfb-9d98-9e28d8da71f1}</UniqueIdentifier>
    </Filter>
  </ItemGroup>
  <ItemGroup>
    <ClCompile Include="main.cpp">
      <Filter>win32</Filter>
    </ClCompile>
    <ClCompile Include="..\Classes\AppDelegate.cpp">
      <Filter>src</Filter>
    </ClCompile>
    <ClCompile Include="..\Classes\HelloWorldScene.cpp">
      <Filter>src</Filter>
    </ClCompile>
    <ClCompile Include="..\Classes\Unit.cpp">
      <Filter>src\Unit</Filter>
    </ClCompile>
    <ClCompile Include="..\Classes\Player.cpp">
      <Filter>src\Unit\Player</Filter>
    </ClCompile>
    <ClCompile Include="..\Classes\Monster.cpp">
      <Filter>src\Unit\Creature\Monster</Filter>
    </ClCompile>
    <ClCompile Include="..\Classes\LoadingUILayer.cpp">
      <Filter>src\Layers\LoadingUILayer</Filter>
    </ClCompile>
    <ClCompile Include="..\Classes\PlayerUILayer.cpp">
      <Filter>src\Layers\PlayerUILayer</Filter>
    </ClCompile>
    <ClCompile Include="..\Classes\MainMapLayer.cpp">
      <Filter>src\Layers\MapLayer</Filter>
    </ClCompile>
    <ClCompile Include="..\Classes\EnterGameLayer.cpp">
      <Filter>src\Layers\EnterGameLayer</Filter>
    </ClCompile>
    <ClCompile Include="..\Classes\TypingLayer.cpp">
      <Filter>src\Layers\TypingLayer</Filter>
    </ClCompile>
    <ClCompile Include="..\Classes\ActionManager.cpp">
      <Filter>src\Actions</Filter>
    </ClCompile>
    <ClCompile Include="..\Classes\DataMgr.cpp">
      <Filter>src\sql</Filter>
    </ClCompile>
    <ClCompile Include="..\Classes\sqlite\shell.c">
      <Filter>src\sql</Filter>
    </ClCompile>
    <ClCompile Include="..\Classes\sqlite\sqlite3.c">
      <Filter>src\sql</Filter>
    </ClCompile>
    <ClCompile Include="..\Classes\Result.cpp">
      <Filter>src\sql\Result</Filter>
    </ClCompile>
    <ClCompile Include="..\Classes\MovementMgr.cpp">
      <Filter>src\MovementMgr</Filter>
    </ClCompile>
    <ClCompile Include="..\Classes\Npc.cpp">
      <Filter>src\Unit\Creature\Npc</Filter>
    </ClCompile>
    <ClCompile Include="..\Classes\NotifyMgr.cpp">
      <Filter>src\NotifyMgr</Filter>
    </ClCompile>
    <ClCompile Include="..\Classes\ChoseCharacterLayer.cpp">
      <Filter>src\Layers\ChoseCharacterLayer</Filter>
    </ClCompile>
    <ClCompile Include="..\Classes\CreateCharacterLayer.cpp">
      <Filter>src\Layers\CreateCharacterLayer</Filter>
    </ClCompile>
    <ClCompile Include="..\Classes\Creature.cpp">
      <Filter>src\Unit\Creature</Filter>
    </ClCompile>
    <ClCompile Include="..\Classes\ScriptMgr.cpp">
      <Filter>src\Sripts</Filter>
    </ClCompile>
    <ClCompile Include="..\Classes\ScriptLoader.cpp">
      <Filter>src\Sripts</Filter>
    </ClCompile>
    <ClCompile Include="..\Classes\Scripts\TestScript_Two.cpp">
      <Filter>src\Sripts\SingleScript</Filter>
    </ClCompile>
    <ClCompile Include="..\Classes\Scripts\TestScript_One.cpp">
      <Filter>src\Sripts\SingleScript</Filter>
    </ClCompile>
    <ClCompile Include="..\Classes\ScriptAI.cpp">
      <Filter>src\Sripts</Filter>
    </ClCompile>
    <ClCompile Include="..\Classes\PlayerTalkLayer.cpp">
      <Filter>src\Layers\PlayerUILayer\PlayerTalkLayer</Filter>
    </ClCompile>
    <ClCompile Include="..\Classes\Item.cpp">
      <Filter>src\Item</Filter>
    </ClCompile>
    <ClCompile Include="..\Classes\SpellBook.cpp">
      <Filter>src\Layers\PlayerUILayer\SpellBook</Filter>
    </ClCompile>
    <ClCompile Include="..\Classes\SpellMgr.cpp">
      <Filter>src\Spell</Filter>
    </ClCompile>
    <ClCompile Include="..\Classes\Spell.cpp">
      <Filter>src\Spell</Filter>
    </ClCompile>
    <ClCompile Include="..\Classes\PlayerEquipWindow.cpp">
      <Filter>src\Layers\PlayerUILayer\PlayerEquip</Filter>
    </ClCompile>
    <ClCompile Include="..\Classes\PlayerUISettingSprite.cpp">
      <Filter>src\Layers\PlayerUILayer\SettingSprite</Filter>
    </ClCompile>
    <ClCompile Include="..\Classes\QuestBook.cpp">
      <Filter>src\Layers\PlayerUILayer\QuestBook</Filter>
    </ClCompile>
    <ClCompile Include="..\Classes\QuestMgr.cpp">
      <Filter>src\Quest</Filter>
    </ClCompile>
  </ItemGroup>
  <ItemGroup>
    <ClInclude Include="main.h">
      <Filter>win32</Filter>
    </ClInclude>
    <ClInclude Include="..\Classes\AppDelegate.h">
      <Filter>src</Filter>
    </ClInclude>
    <ClInclude Include="..\Classes\HelloWorldScene.h">
      <Filter>src</Filter>
    </ClInclude>
    <ClInclude Include="..\Classes\Unit.h">
      <Filter>src\Unit</Filter>
    </ClInclude>
    <ClInclude Include="..\Classes\Player.h">
      <Filter>src\Unit\Player</Filter>
    </ClInclude>
    <ClInclude Include="..\Classes\Monster.h">
      <Filter>src\Unit\Creature\Monster</Filter>
    </ClInclude>
    <ClInclude Include="..\Classes\LoadingUILayer.h">
      <Filter>src\Layers\LoadingUILayer</Filter>
    </ClInclude>
    <ClInclude Include="..\Classes\Types.h">
      <Filter>src</Filter>
    </ClInclude>
    <ClInclude Include="..\Classes\PlayerUILayer.h">
      <Filter>src\Layers\PlayerUILayer</Filter>
    </ClInclude>
    <ClInclude Include="..\Classes\MainMapLayer.h">
      <Filter>src\Layers\MapLayer</Filter>
    </ClInclude>
    <ClInclude Include="..\Classes\EnterGameLayer.h">
      <Filter>src\Layers\EnterGameLayer</Filter>
    </ClInclude>
    <ClInclude Include="..\Classes\TypingLayer.h">
      <Filter>src\Layers\TypingLayer</Filter>
    </ClInclude>
    <ClInclude Include="..\Classes\ActionManager.h">
      <Filter>src\Actions</Filter>
    </ClInclude>
    <ClInclude Include="..\Classes\DataMgr.h">
      <Filter>src\sql</Filter>
    </ClInclude>
    <ClInclude Include="..\Classes\sqlite\sqlite3.h">
      <Filter>src\sql</Filter>
    </ClInclude>
    <ClInclude Include="..\Classes\sqlite\sqlite3ext.h">
      <Filter>src\sql</Filter>
    </ClInclude>
    <ClInclude Include="..\Classes\Result.h">
      <Filter>src\sql\Result</Filter>
    </ClInclude>
    <ClInclude Include="..\Classes\MovementMgr.h">
      <Filter>src\MovementMgr</Filter>
    </ClInclude>
    <ClInclude Include="..\Classes\Npc.h">
      <Filter>src\Unit\Creature\Npc</Filter>
    </ClInclude>
    <ClInclude Include="..\Classes\NotifyMgr.h">
      <Filter>src\NotifyMgr</Filter>
    </ClInclude>
    <ClInclude Include="..\Classes\ChoseCharacterLayer.h">
      <Filter>src\Layers\ChoseCharacterLayer</Filter>
    </ClInclude>
    <ClInclude Include="..\Classes\CreateCharacterLayer.h">
      <Filter>src\Layers\CreateCharacterLayer</Filter>
    </ClInclude>
    <ClInclude Include="..\Classes\Creature.h">
      <Filter>src\Unit\Creature</Filter>
    </ClInclude>
    <ClInclude Include="..\Classes\ScriptMgr.h">
      <Filter>src\Sripts</Filter>
    </ClInclude>
    <ClInclude Include="..\Classes\ScriptLoader.h">
      <Filter>src\Sripts</Filter>
    </ClInclude>
    <ClInclude Include="..\Classes\ScriptAI.h">
      <Filter>src\Sripts</Filter>
    </ClInclude>
    <ClInclude Include="..\Classes\PlayerTalkLayer.h">
      <Filter>src\Layers\PlayerUILayer\PlayerTalkLayer</Filter>
    </ClInclude>
    <ClInclude Include="..\Classes\Item.h">
      <Filter>src\Item</Filter>
    </ClInclude>
    <ClInclude Include="..\Classes\SpellBook.h">
      <Filter>src\Layers\PlayerUILayer\SpellBook</Filter>
    </ClInclude>
    <ClInclude Include="..\Classes\SpellMgr.h">
      <Filter>src\Spell</Filter>
    </ClInclude>
    <ClInclude Include="..\Classes\Spell.h">
      <Filter>src\Spell</Filter>
    </ClInclude>
    <ClInclude Include="..\Classes\PlayerEquipWindow.h">
      <Filter>src\Layers\PlayerUILayer\PlayerEquip</Filter>
    </ClInclude>
    <ClInclude Include="..\Classes\PlayerUISettingSprite.h">
      <Filter>src\Layers\PlayerUILayer\SettingSprite</Filter>
    </ClInclude>
    <ClInclude Include="..\Classes\QuestBook.h">
      <Filter>src\Layers\PlayerUILayer\QuestBook</Filter>
    </ClInclude>
    <ClInclude Include="..\Classes\QuestMgr.h">
      <Filter>src\Quest</Filter>
    </ClInclude>
  </ItemGroup>
  <ItemGroup>
    <ResourceCompile Include="game.rc">
      <Filter>resource</Filter>
    </ResourceCompile>
  </ItemGroup>
</Project>